github.com/gordonklaus/portaudio v0.0.0-20221027163845-7c3b689db3cc h1:yYLpN7bJxKYILKnk20oczGQOQd2h3/7z7/cxdD9Se/I=
github.com/gordonklaus/portaudio v0.0.0-20221027163845-7c3b689db3cc/go.mod h1:WY8R6YKlI2ZI3UyzFk7P6yGSuS+hFwNtEzrexRyD7Es=
github.com/gorilla/mux v1.8.0 h1:i40aqfkR1h2SlN9hojwV5ZA91wcXFOvkdNIeFDP5koI=
github.com/gorilla/mux v1.8.0/go.mod h1:DVbg23sWSpFRCP0SfiEN6jmj59UnW/n46BH5rLB71So=
